lockfileVersion: 5.4

specifiers:
  '@aws-sdk/client-s3': ^3.245.0
  '@aws-sdk/s3-request-presigner': ^3.245.0
  '@next/font': 13.1.1
  '@types/node': 18.11.18
  '@types/react': 18.0.26
  '@types/react-dom': 18.0.10
  next: 13.1.1
  react: 18.2.0
  react-dom: 18.2.0
  typescript: 4.9.4

dependencies:
  '@aws-sdk/client-s3': 3.245.0
  '@aws-sdk/s3-request-presigner': 3.245.0
  '@next/font': 13.1.1
  '@types/node': 18.11.18
  '@types/react': 18.0.26
  '@types/react-dom': 18.0.10
  next: 13.1.1_biqbaboplfbrettd7655fr4n2y
  react: 18.2.0
  react-dom: 18.2.0_react@18.2.0
  typescript: 4.9.4

packages:

  /@aws-crypto/crc32/2.0.0:
    resolution: {integrity: sha512-TvE1r2CUueyXOuHdEigYjIZVesInd9KN+K/TFFNfkkxRThiNxO6i4ZqqAVMoEjAamZZ1AA8WXJkjCz7YShHPQA==}
    dependencies:
      '@aws-crypto/util': 2.0.2
      '@aws-sdk/types': 3.226.0
      tslib: 1.14.1
    dev: false

  /@aws-crypto/crc32c/2.0.0:
    resolution: {integrity: sha512-vF0eMdMHx3O3MoOXUfBZry8Y4ZDtcuskjjKgJz8YfIDjLStxTZrYXk+kZqtl6A0uCmmiN/Eb/JbC/CndTV1MHg==}
    dependencies:
      '@aws-crypto/util': 2.0.2
      '@aws-sdk/types': 3.226.0
      tslib: 1.14.1
    dev: false

  /@aws-crypto/ie11-detection/2.0.2:
    resolution: {integrity: sha512-5XDMQY98gMAf/WRTic5G++jfmS/VLM0rwpiOpaainKi4L0nqWMSB1SzsrEG5rjFZGYN6ZAefO+/Yta2dFM0kMw==}
    dependencies:
      tslib: 1.14.1
    dev: false

  /@aws-crypto/sha1-browser/2.0.0:
    resolution: {integrity: sha512-3fIVRjPFY8EG5HWXR+ZJZMdWNRpwbxGzJ9IH9q93FpbgCH8u8GHRi46mZXp3cYD7gealmyqpm3ThZwLKJjWJhA==}
    dependencies:
      '@aws-crypto/ie11-detection': 2.0.2
      '@aws-crypto/supports-web-crypto': 2.0.2
      '@aws-sdk/types': 3.226.0
      '@aws-sdk/util-locate-window': 3.208.0
      '@aws-sdk/util-utf8-browser': 3.188.0
      tslib: 1.14.1
    dev: false

  /@aws-crypto/sha256-browser/2.0.0:
    resolution: {integrity: sha512-rYXOQ8BFOaqMEHJrLHul/25ckWH6GTJtdLSajhlqGMx0PmSueAuvboCuZCTqEKlxR8CQOwRarxYMZZSYlhRA1A==}
    dependencies:
      '@aws-crypto/ie11-detection': 2.0.2
      '@aws-crypto/sha256-js': 2.0.0
      '@aws-crypto/supports-web-crypto': 2.0.2
      '@aws-crypto/util': 2.0.2
      '@aws-sdk/types': 3.226.0
      '@aws-sdk/util-locate-window': 3.208.0
      '@aws-sdk/util-utf8-browser': 3.188.0
      tslib: 1.14.1
    dev: false

  /@aws-crypto/sha256-js/2.0.0:
    resolution: {integrity: sha512-VZY+mCY4Nmrs5WGfitmNqXzaE873fcIZDu54cbaDaaamsaTOP1DBImV9F4pICc3EHjQXujyE8jig+PFCaew9ig==}
    dependencies:
      '@aws-crypto/util': 2.0.2
      '@aws-sdk/types': 3.226.0
      tslib: 1.14.1
    dev: false

  /@aws-crypto/supports-web-crypto/2.0.2:
    resolution: {integrity: sha512-6mbSsLHwZ99CTOOswvCRP3C+VCWnzBf+1SnbWxzzJ9lR0mA0JnY2JEAhp8rqmTE0GPFy88rrM27ffgp62oErMQ==}
    dependencies:
      tslib: 1.14.1
    dev: false

  /@aws-crypto/util/2.0.2:
    resolution: {integrity: sha512-Lgu5v/0e/BcrZ5m/IWqzPUf3UYFTy/PpeED+uc9SWUR1iZQL8XXbGQg10UfllwwBryO3hFF5dizK+78aoXC1eA==}
    dependencies:
      '@aws-sdk/types': 3.226.0
      '@aws-sdk/util-utf8-browser': 3.188.0
      tslib: 1.14.1
    dev: false

  /@aws-sdk/abort-controller/3.226.0:
    resolution: {integrity: sha512-cJVzr1xxPBd08voknXvR0RLgtZKGKt6WyDpH/BaPCu3rfSqWCDZKzwqe940eqosjmKrxC6pUZNKASIqHOQ8xxQ==}
    engines: {node: '>=14.0.0'}
    dependencies:
      '@aws-sdk/types': 3.226.0
      tslib: 2.4.1
    dev: false

  /@aws-sdk/chunked-blob-reader-native/3.208.0:
    resolution: {integrity: sha512-JeOZ95PW+fJ6bbuqPySYqLqHk1n4+4ueEEraJsiUrPBV0S1ZtyvOGHcnGztKUjr2PYNaiexmpWuvUve9K12HRA==}
    dependencies:
      '@aws-sdk/util-base64': 3.208.0
      tslib: 2.4.1
    dev: false

  /@aws-sdk/chunked-blob-reader/3.188.0:
    resolution: {integrity: sha512-zkPRFZZPL3eH+kH86LDYYXImiClA1/sW60zYOjse9Pgka+eDJlvBN6hcYxwDEKjcwATYiSRR1aVQHcfCinlGXg==}
    dependencies:
      tslib: 2.4.1
    dev: false

  /@aws-sdk/client-s3/3.245.0:
    resolution: {integrity: sha512-wdCrEiqIfwtWebrK7A1giRggwO64S6I2iPXTwRmat4AR6sFlMO02jVFaIDyA8TTiVnBMz7ekT1QFmIjFAKc4uQ==}
    engines: {node: '>=14.0.0'}
    dependencies:
      '@aws-crypto/sha1-browser': 2.0.0
      '@aws-crypto/sha256-browser': 2.0.0
      '@aws-crypto/sha256-js': 2.0.0
      '@aws-sdk/client-sts': 3.245.0
      '@aws-sdk/config-resolver': 3.234.0
      '@aws-sdk/credential-provider-node': 3.245.0
      '@aws-sdk/eventstream-serde-browser': 3.226.0
      '@aws-sdk/eventstream-serde-config-resolver': 3.226.0
      '@aws-sdk/eventstream-serde-node': 3.226.0
      '@aws-sdk/fetch-http-handler': 3.226.0
      '@aws-sdk/hash-blob-browser': 3.226.0
      '@aws-sdk/hash-node': 3.226.0
      '@aws-sdk/hash-stream-node': 3.226.0
      '@aws-sdk/invalid-dependency': 3.226.0
      '@aws-sdk/md5-js': 3.226.0
      '@aws-sdk/middleware-bucket-endpoint': 3.226.0
      '@aws-sdk/middleware-content-length': 3.226.0
      '@aws-sdk/middleware-endpoint': 3.226.0
      '@aws-sdk/middleware-expect-continue': 3.226.0
      '@aws-sdk/middleware-flexible-checksums': 3.226.0
      '@aws-sdk/middleware-host-header': 3.226.0
      '@aws-sdk/middleware-location-constraint': 3.226.0
      '@aws-sdk/middleware-logger': 3.226.0
      '@aws-sdk/middleware-recursion-detection': 3.226.0
      '@aws-sdk/middleware-retry': 3.235.0
      '@aws-sdk/middleware-sdk-s3': 3.231.0
      '@aws-sdk/middleware-serde': 3.226.0
      '@aws-sdk/middleware-signing': 3.226.0
      '@aws-sdk/middleware-ssec': 3.226.0
      '@aws-sdk/middleware-stack': 3.226.0
      '@aws-sdk/middleware-user-agent': 3.226.0
      '@aws-sdk/node-config-provider': 3.226.0
      '@aws-sdk/node-http-handler': 3.226.0
      '@aws-sdk/protocol-http': 3.226.0
      '@aws-sdk/signature-v4-multi-region': 3.226.0
      '@aws-sdk/smithy-client': 3.234.0
      '@aws-sdk/types': 3.226.0
      '@aws-sdk/url-parser': 3.226.0
      '@aws-sdk/util-base64': 3.208.0
      '@aws-sdk/util-body-length-browser': 3.188.0
      '@aws-sdk/util-body-length-node': 3.208.0
      '@aws-sdk/util-defaults-mode-browser': 3.234.0
      '@aws-sdk/util-defaults-mode-node': 3.234.0
      '@aws-sdk/util-endpoints': 3.245.0
      '@aws-sdk/util-retry': 3.229.0
      '@aws-sdk/util-stream-browser': 3.226.0
      '@aws-sdk/util-stream-node': 3.226.0
      '@aws-sdk/util-user-agent-browser': 3.226.0
      '@aws-sdk/util-user-agent-node': 3.226.0
      '@aws-sdk/util-utf8-browser': 3.188.0
      '@aws-sdk/util-utf8-node': 3.208.0
      '@aws-sdk/util-waiter': 3.226.0
      '@aws-sdk/xml-builder': 3.201.0
      fast-xml-parser: 4.0.11
      tslib: 2.4.1
    transitivePeerDependencies:
      - '@aws-sdk/signature-v4-crt'
      - aws-crt
    dev: false

  /@aws-sdk/client-sso-oidc/3.245.0:
    resolution: {integrity: sha512-0pGPA00kEsu2Yq1Ul+OwftHxws5YVllm4iZrPtGnqmXr7wmf6B9lOtrMQF44y7Tfw53po6+bKz08OKTEWkkjUA==}
    engines: {node: '>=14.0.0'}
    dependencies:
      '@aws-crypto/sha256-browser': 2.0.0
      '@aws-crypto/sha256-js': 2.0.0
      '@aws-sdk/config-resolver': 3.234.0
      '@aws-sdk/fetch-http-handler': 3.226.0
      '@aws-sdk/hash-node': 3.226.0
      '@aws-sdk/invalid-dependency': 3.226.0
      '@aws-sdk/middleware-content-length': 3.226.0
      '@aws-sdk/middleware-endpoint': 3.226.0
      '@aws-sdk/middleware-host-header': 3.226.0
      '@aws-sdk/middleware-logger': 3.226.0
      '@aws-sdk/middleware-recursion-detection': 3.226.0
      '@aws-sdk/middleware-retry': 3.235.0
      '@aws-sdk/middleware-serde': 3.226.0
      '@aws-sdk/middleware-stack': 3.226.0
      '@aws-sdk/middleware-user-agent': 3.226.0
      '@aws-sdk/node-config-provider': 3.226.0
      '@aws-sdk/node-http-handler': 3.226.0
      '@aws-sdk/protocol-http': 3.226.0
      '@aws-sdk/smithy-client': 3.234.0
      '@aws-sdk/types': 3.226.0
      '@aws-sdk/url-parser': 3.226.0
      '@aws-sdk/util-base64': 3.208.0
      '@aws-sdk/util-body-length-browser': 3.188.0
      '@aws-sdk/util-body-length-node': 3.208.0
      '@aws-sdk/util-defaults-mode-browser': 3.234.0
      '@aws-sdk/util-defaults-mode-node': 3.234.0
      '@aws-sdk/util-endpoints': 3.245.0
      '@aws-sdk/util-retry': 3.229.0
      '@aws-sdk/util-user-agent-browser': 3.226.0
      '@aws-sdk/util-user-agent-node': 3.226.0
      '@aws-sdk/util-utf8-browser': 3.188.0
      '@aws-sdk/util-utf8-node': 3.208.0
      tslib: 2.4.1
    transitivePeerDependencies:
      - aws-crt
    dev: false

  /@aws-sdk/client-sso/3.245.0:
    resolution: {integrity: sha512-dxzRwRo55ZNQ4hQigC+cishxLSWlBrbr3iszG0FLviavLDOlnVG5UUxWpOIGvwr8pYiSfM4jnfMxiwYwiCLg1g==}
    engines: {node: '>=14.0.0'}
    dependencies:
      '@aws-crypto/sha256-browser': 2.0.0
      '@aws-crypto/sha256-js': 2.0.0
      '@aws-sdk/config-resolver': 3.234.0
      '@aws-sdk/fetch-http-handler': 3.226.0
      '@aws-sdk/hash-node': 3.226.0
      '@aws-sdk/invalid-dependency': 3.226.0
      '@aws-sdk/middleware-content-length': 3.226.0
      '@aws-sdk/middleware-endpoint': 3.226.0
      '@aws-sdk/middleware-host-header': 3.226.0
      '@aws-sdk/middleware-logger': 3.226.0
      '@aws-sdk/middleware-recursion-detection': 3.226.0
      '@aws-sdk/middleware-retry': 3.235.0
      '@aws-sdk/middleware-serde': 3.226.0
      '@aws-sdk/middleware-stack': 3.226.0
      '@aws-sdk/middleware-user-agent': 3.226.0
      '@aws-sdk/node-config-provider': 3.226.0
      '@aws-sdk/node-http-handler': 3.226.0
      '@aws-sdk/protocol-http': 3.226.0
      '@aws-sdk/smithy-client': 3.234.0
      '@aws-sdk/types': 3.226.0
      '@aws-sdk/url-parser': 3.226.0
      '@aws-sdk/util-base64': 3.208.0
      '@aws-sdk/util-body-length-browser': 3.188.0
      '@aws-sdk/util-body-length-node': 3.208.0
      '@aws-sdk/util-defaults-mode-browser': 3.234.0
      '@aws-sdk/util-defaults-mode-node': 3.234.0
      '@aws-sdk/util-endpoints': 3.245.0
      '@aws-sdk/util-retry': 3.229.0
      '@aws-sdk/util-user-agent-browser': 3.226.0
      '@aws-sdk/util-user-agent-node': 3.226.0
      '@aws-sdk/util-utf8-browser': 3.188.0
      '@aws-sdk/util-utf8-node': 3.208.0
      tslib: 2.4.1
    transitivePeerDependencies:
      - aws-crt
    dev: false

  /@aws-sdk/client-sts/3.245.0:
    resolution: {integrity: sha512-E+7v2sy34TLni/Dmz6bTU20NWvbHYH9sVUHKQ9kHhmFopUWrs4Nt77f85PbuiKJz/irjUh9ppT5q1odJNRKRVQ==}
    engines: {node: '>=14.0.0'}
    dependencies:
      '@aws-crypto/sha256-browser': 2.0.0
      '@aws-crypto/sha256-js': 2.0.0
      '@aws-sdk/config-resolver': 3.234.0
      '@aws-sdk/credential-provider-node': 3.245.0
      '@aws-sdk/fetch-http-handler': 3.226.0
      '@aws-sdk/hash-node': 3.226.0
      '@aws-sdk/invalid-dependency': 3.226.0
      '@aws-sdk/middleware-content-length': 3.226.0
      '@aws-sdk/middleware-endpoint': 3.226.0
      '@aws-sdk/middleware-host-header': 3.226.0
      '@aws-sdk/middleware-logger': 3.226.0
      '@aws-sdk/middleware-recursion-detection': 3.226.0
      '@aws-sdk/middleware-retry': 3.235.0
      '@aws-sdk/middleware-sdk-sts': 3.226.0
      '@aws-sdk/middleware-serde': 3.226.0
      '@aws-sdk/middleware-signing': 3.226.0
      '@aws-sdk/middleware-stack': 3.226.0
      '@aws-sdk/middleware-user-agent': 3.226.0
      '@aws-sdk/node-config-provider': 3.226.0
      '@aws-sdk/node-http-handler': 3.226.0
      '@aws-sdk/protocol-http': 3.226.0
      '@aws-sdk/smithy-client': 3.234.0
      '@aws-sdk/types': 3.226.0
      '@aws-sdk/url-parser': 3.226.0
      '@aws-sdk/util-base64': 3.208.0
      '@aws-sdk/util-body-length-browser': 3.188.0
      '@aws-sdk/util-body-length-node': 3.208.0
      '@aws-sdk/util-defaults-mode-browser': 3.234.0
      '@aws-sdk/util-defaults-mode-node': 3.234.0
      '@aws-sdk/util-endpoints': 3.245.0
      '@aws-sdk/util-retry': 3.229.0
      '@aws-sdk/util-user-agent-browser': 3.226.0
      '@aws-sdk/util-user-agent-node': 3.226.0
      '@aws-sdk/util-utf8-browser': 3.188.0
      '@aws-sdk/util-utf8-node': 3.208.0
      fast-xml-parser: 4.0.11
      tslib: 2.4.1
    transitivePeerDependencies:
      - aws-crt
    dev: false

  /@aws-sdk/config-resolver/3.234.0:
    resolution: {integrity: sha512-uZxy4wzllfvgCQxVc+Iqhde0NGAnfmV2hWR6ejadJaAFTuYNvQiRg9IqJy3pkyDPqXySiJ8Bom5PoJfgn55J/A==}
    engines: {node: '>=14.0.0'}
    dependencies:
      '@aws-sdk/signature-v4': 3.226.0
      '@aws-sdk/types': 3.226.0
      '@aws-sdk/util-config-provider': 3.208.0
      '@aws-sdk/util-middleware': 3.226.0
      tslib: 2.4.1
    dev: false

  /@aws-sdk/credential-provider-env/3.226.0:
    resolution: {integrity: sha512-sd8uK1ojbXxaZXlthzw/VXZwCPUtU3PjObOfr3Evj7MPIM2IH8h29foOlggx939MdLQGboJf9gKvLlvKDWtJRA==}
    engines: {node: '>=14.0.0'}
    dependencies:
      '@aws-sdk/property-provider': 3.226.0
      '@aws-sdk/types': 3.226.0
      tslib: 2.4.1
    dev: false

  /@aws-sdk/credential-provider-imds/3.226.0:
    resolution: {integrity: sha512-//z/COQm2AjYFI1Lb0wKHTQSrvLFTyuKLFQGPJsKS7DPoxGOCKB7hmYerlbl01IDoCxTdyL//TyyPxbZEOQD5Q==}
    engines: {node: '>=14.0.0'}
    dependencies:
      '@aws-sdk/node-config-provider': 3.226.0
      '@aws-sdk/property-provider': 3.226.0
      '@aws-sdk/types': 3.226.0
      '@aws-sdk/url-parser': 3.226.0
      tslib: 2.4.1
    dev: false

  /@aws-sdk/credential-provider-ini/3.245.0:
    resolution: {integrity: sha512-1SjfVc5Wg0lLRUvwMrfjGgFkl+zfxn74gnkPr6by1QyMAoTzmeUkalPLAIqd+uHtFom9e3K633BQtX7zVPZ5XQ==}
    engines: {node: '>=14.0.0'}
    dependencies:
      '@aws-sdk/credential-provider-env': 3.226.0
      '@aws-sdk/credential-provider-imds': 3.226.0
      '@aws-sdk/credential-provider-process': 3.226.0
      '@aws-sdk/credential-provider-sso': 3.245.0
      '@aws-sdk/credential-provider-web-identity': 3.226.0
      '@aws-sdk/property-provider': 3.226.0
      '@aws-sdk/shared-ini-file-loader': 3.226.0
      '@aws-sdk/types': 3.226.0
      tslib: 2.4.1
    transitivePeerDependencies:
      - aws-crt
    dev: false

  /@aws-sdk/credential-provider-node/3.245.0:
    resolution: {integrity: sha512-Dwv8zmRLTDLeEkGrK/sLNFZSC+ahXZxr07CuID054QKACIdUEvkqYlnalRiTeXngiHGQ54u8wU7f0D32R2oL0g==}
    engines: {node: '>=14.0.0'}
    dependencies:
      '@aws-sdk/credential-provider-env': 3.226.0
      '@aws-sdk/credential-provider-imds': 3.226.0
      '@aws-sdk/credential-provider-ini': 3.245.0
      '@aws-sdk/credential-provider-process': 3.226.0
      '@aws-sdk/credential-provider-sso': 3.245.0
      '@aws-sdk/credential-provider-web-identity': 3.226.0
      '@aws-sdk/property-provider': 3.226.0
      '@aws-sdk/shared-ini-file-loader': 3.226.0
      '@aws-sdk/types': 3.226.0
      tslib: 2.4.1
    transitivePeerDependencies:
      - aws-crt
    dev: false

  /@aws-sdk/credential-provider-process/3.226.0:
    resolution: {integrity: sha512-iUDMdnrTvbvaCFhWwqyXrhvQ9+ojPqPqXhwZtY1X/Qaz+73S9gXBPJHZaZb2Ke0yKE1Ql3bJbKvmmxC/qLQMng==}
    engines: {node: '>=14.0.0'}
    dependencies:
      '@aws-sdk/property-provider': 3.226.0
      '@aws-sdk/shared-ini-file-loader': 3.226.0
      '@aws-sdk/types': 3.226.0
      tslib: 2.4.1
    dev: false

  /@aws-sdk/credential-provider-sso/3.245.0:
    resolution: {integrity: sha512-txWrJc0WNBhXMi7q+twjx7cs/qzgTfbQ+vbag5idRmdoUeiR8rfLvihCab2NaGg50xhh+TaoUCXrgJp3E/XjYQ==}
    engines: {node: '>=14.0.0'}
    dependencies:
      '@aws-sdk/client-sso': 3.245.0
      '@aws-sdk/property-provider': 3.226.0
      '@aws-sdk/shared-ini-file-loader': 3.226.0
      '@aws-sdk/token-providers': 3.245.0
      '@aws-sdk/types': 3.226.0
      tslib: 2.4.1
    transitivePeerDependencies:
      - aws-crt
    dev: false

  /@aws-sdk/credential-provider-web-identity/3.226.0:
    resolution: {integrity: sha512-CCpv847rLB0SFOHz2igvUMFAzeT2fD3YnY4C8jltuJoEkn0ITn1Hlgt13nTJ5BUuvyti2mvyXZHmNzhMIMrIlw==}
    engines: {node: '>=14.0.0'}
    dependencies:
      '@aws-sdk/property-provider': 3.226.0
      '@aws-sdk/types': 3.226.0
      tslib: 2.4.1
    dev: false

  /@aws-sdk/eventstream-codec/3.226.0:
    resolution: {integrity: sha512-6uPtR8vSwz3fqoZk9hrb6qBYdp3PJ22+JxV5Wimdesvow4kJXSgDQXIxEkxbv6SxB9tNRB4uJHD84RetHEi15Q==}
    dependencies:
      '@aws-crypto/crc32': 2.0.0
      '@aws-sdk/types': 3.226.0
      '@aws-sdk/util-hex-encoding': 3.201.0
      tslib: 2.4.1
    dev: false

  /@aws-sdk/eventstream-serde-browser/3.226.0:
    resolution: {integrity: sha512-otYC5aZE9eJUqAlKpy8w0rPDQ1eKGvZPtgxWXmFYSO2lDVGfI1nBBNmdZ4MdHqNuQ7ucsKMQYF8BFJ65K2tYPA==}
    engines: {node: '>=14.0.0'}
    dependencies:
      '@aws-sdk/eventstream-serde-universal': 3.226.0
      '@aws-sdk/types': 3.226.0
      tslib: 2.4.1
    dev: false

  /@aws-sdk/eventstream-serde-config-resolver/3.226.0:
    resolution: {integrity: sha512-A56Gypg+lyEfA5cna+EUH9XTrj0SvRG1gwNW7lrUzviN36SeA/LFTUIOEjxVML3Lowy+EPAcrSZ67h6aepoAig==}
    engines: {node: '>=14.0.0'}
    dependencies:
      '@aws-sdk/types': 3.226.0
      tslib: 2.4.1
    dev: false

  /@aws-sdk/eventstream-serde-node/3.226.0:
    resolution: {integrity: sha512-KWLnKkKDzI9RNkiK6OiSYpG/XjZfue6Bsp/vRG+H5z3fbXdHv4X2+iW+Efu2Kvn7jsUyUv82TCl57DyJ/HKYhQ==}
    engines: {node: '>=14.0.0'}
    dependencies:
      '@aws-sdk/eventstream-serde-universal': 3.226.0
      '@aws-sdk/types': 3.226.0
      tslib: 2.4.1
    dev: false

  /@aws-sdk/eventstream-serde-universal/3.226.0:
    resolution: {integrity: sha512-Q8viYM1Sv90/yIUqyWNeG1GEvyVlAI3GIrInQcCMC+xT59jS+IKGy2y7ojCvSWXnhf5/HMXKcmG092QsqeKy0Q==}
    engines: {node: '>=14.0.0'}
    dependencies:
      '@aws-sdk/eventstream-codec': 3.226.0
      '@aws-sdk/types': 3.226.0
      tslib: 2.4.1
    dev: false

  /@aws-sdk/fetch-http-handler/3.226.0:
    resolution: {integrity: sha512-JewZPMNEBXfi1xVnRa7pVtK/zgZD8/lQ/YnD8pq79WuMa2cwyhDtr8oqCoqsPW+WJT5ScXoMtuHxN78l8eKWgg==}
    dependencies:
      '@aws-sdk/protocol-http': 3.226.0
      '@aws-sdk/querystring-builder': 3.226.0
      '@aws-sdk/types': 3.226.0
      '@aws-sdk/util-base64': 3.208.0
      tslib: 2.4.1
    dev: false

  /@aws-sdk/hash-blob-browser/3.226.0:
    resolution: {integrity: sha512-5DCvWE6L4xGoViEHyjcPFuUe1G2EtNx8TqswWaoaKgyasP/yuRm4H99Ra7rqIrjCcSTAGD9NVsUQvVVw1bGt9w==}
    dependencies:
      '@aws-sdk/chunked-blob-reader': 3.188.0
      '@aws-sdk/chunked-blob-reader-native': 3.208.0
      '@aws-sdk/types': 3.226.0
      tslib: 2.4.1
    dev: false

  /@aws-sdk/hash-node/3.226.0:
    resolution: {integrity: sha512-MdlJhJ9/Espwd0+gUXdZRsHuostB2WxEVAszWxobP0FTT9PnicqnfK7ExmW+DUAc0ywxtEbR3e0UND65rlSTVw==}
    engines: {node: '>=14.0.0'}
    dependencies:
      '@aws-sdk/types': 3.226.0
      '@aws-sdk/util-buffer-from': 3.208.0
      tslib: 2.4.1
    dev: false

  /@aws-sdk/hash-stream-node/3.226.0:
    resolution: {integrity: sha512-cgNTGlF8SdHaQXtjEmuLXz2U8SLM2JDKtIVPku/lHTMsUsEn+fuv2C+h1f/hvd4aNw5t1zggym7sO1/h/rv56Q==}
    engines: {node: '>=14.0.0'}
    dependencies:
      '@aws-sdk/types': 3.226.0
      tslib: 2.4.1
    dev: false

  /@aws-sdk/invalid-dependency/3.226.0:
    resolution: {integrity: sha512-QXOYFmap8g9QzRjumcRCIo2GEZkdCwd7ePQW0OABWPhKHzlJ74vvBxywjU3s39EEBEluWXtZ7Iufg6GxZM4ifw==}
    dependencies:
      '@aws-sdk/types': 3.226.0
      tslib: 2.4.1
    dev: false

  /@aws-sdk/is-array-buffer/3.201.0:
    resolution: {integrity: sha512-UPez5qLh3dNgt0DYnPD/q0mVJY84rA17QE26hVNOW3fAji8W2wrwrxdacWOxyXvlxWsVRcKmr+lay1MDqpAMfg==}
    engines: {node: '>=14.0.0'}
    dependencies:
      tslib: 2.4.1
    dev: false

  /@aws-sdk/md5-js/3.226.0:
    resolution: {integrity: sha512-ENigJRNudqyh6xsch166SZ4gggHd3XzZJ8gkCU4CWPne04HcR3BkWSO774IuWooCHt8zkaEHKecPurRz6qR+Vw==}
    dependencies:
      '@aws-sdk/types': 3.226.0
      '@aws-sdk/util-utf8-browser': 3.188.0
      '@aws-sdk/util-utf8-node': 3.208.0
      tslib: 2.4.1
    dev: false

  /@aws-sdk/middleware-bucket-endpoint/3.226.0:
    resolution: {integrity: sha512-A1Vq5W2X7jgTfjqcKPmjoHohF0poP+9fxwL97fQMvzcwmjhtoCV3bLEpo6CGYx0pKPiSlRJXZkRwRPj2hDHDmA==}
    engines: {node: '>=14.0.0'}
    dependencies:
      '@aws-sdk/protocol-http': 3.226.0
      '@aws-sdk/types': 3.226.0
      '@aws-sdk/util-arn-parser': 3.208.0
      '@aws-sdk/util-config-provider': 3.208.0
      tslib: 2.4.1
    dev: false

  /@aws-sdk/middleware-content-length/3.226.0:
    resolution: {integrity: sha512-ksUzlHJN2JMuyavjA46a4sctvnrnITqt2tbGGWWrAuXY1mel2j+VbgnmJUiwHKUO6bTFBBeft5Vd1TSOb4JmiA==}
    engines: {node: '>=14.0.0'}
    dependencies:
      '@aws-sdk/protocol-http': 3.226.0
      '@aws-sdk/types': 3.226.0
      tslib: 2.4.1
    dev: false

  /@aws-sdk/middleware-endpoint/3.226.0:
    resolution: {integrity: sha512-EvLFafjtUxTT0AC9p3aBQu1/fjhWdIeK58jIXaNFONfZ3F8QbEYUPuF/SqZvJM6cWfOO9qwYKkRDbCSTYhprIg==}
    engines: {node: '>=14.0.0'}
    dependencies:
      '@aws-sdk/middleware-serde': 3.226.0
      '@aws-sdk/protocol-http': 3.226.0
      '@aws-sdk/signature-v4': 3.226.0
      '@aws-sdk/types': 3.226.0
      '@aws-sdk/url-parser': 3.226.0
      '@aws-sdk/util-config-provider': 3.208.0
      '@aws-sdk/util-middleware': 3.226.0
      tslib: 2.4.1
    dev: false

  /@aws-sdk/middleware-expect-continue/3.226.0:
    resolution: {integrity: sha512-YxvQKTV/eA9P8AgW0hXOgj5Qa+TSnNFfyOkfeP089aP3f6p92b1cESf33TEOKsddive2mHT5LRCN6MuPcgWWrA==}
    engines: {node: '>=14.0.0'}
    dependencies:
      '@aws-sdk/protocol-http': 3.226.0
      '@aws-sdk/types': 3.226.0
      tslib: 2.4.1
    dev: false

  /@aws-sdk/middleware-flexible-checksums/3.226.0:
    resolution: {integrity: sha512-8A9Ot9A7794UP5tMGl2MnfTW/UM/jYy1wRWF9YkR/hPIcPb7OmE0hmlwIQGzb/7grxpYw66ETKf0WeH/41YfeQ==}
    engines: {node: '>=14.0.0'}
    dependencies:
      '@aws-crypto/crc32': 2.0.0
      '@aws-crypto/crc32c': 2.0.0
      '@aws-sdk/is-array-buffer': 3.201.0
      '@aws-sdk/protocol-http': 3.226.0
      '@aws-sdk/types': 3.226.0
      tslib: 2.4.1
    dev: false

  /@aws-sdk/middleware-host-header/3.226.0:
    resolution: {integrity: sha512-haVkWVh6BUPwKgWwkL6sDvTkcZWvJjv8AgC8jiQuSl8GLZdzHTB8Qhi3IsfFta9HAuoLjxheWBE5Z/L0UrfhLA==}
    engines: {node: '>=14.0.0'}
    dependencies:
      '@aws-sdk/protocol-http': 3.226.0
      '@aws-sdk/types': 3.226.0
      tslib: 2.4.1
    dev: false

  /@aws-sdk/middleware-location-constraint/3.226.0:
    resolution: {integrity: sha512-qHiYaBYPc2R37KxG2uqsUUwh4usrQMHfGkrpTUnx5d4rGzM3mC+muPsTpSHnAL63K2/yJOHQJFjss3GGwV4SSA==}
    engines: {node: '>=14.0.0'}
    dependencies:
      '@aws-sdk/types': 3.226.0
      tslib: 2.4.1
    dev: false

  /@aws-sdk/middleware-logger/3.226.0:
    resolution: {integrity: sha512-m9gtLrrYnpN6yckcQ09rV7ExWOLMuq8mMPF/K3DbL/YL0TuILu9i2T1W+JuxSX+K9FMG2HrLAKivE/kMLr55xA==}
    engines: {node: '>=14.0.0'}
    dependencies:
      '@aws-sdk/types': 3.226.0
      tslib: 2.4.1
    dev: false

  /@aws-sdk/middleware-recursion-detection/3.226.0:
    resolution: {integrity: sha512-mwRbdKEUeuNH5TEkyZ5FWxp6bL2UC1WbY+LDv6YjHxmSMKpAoOueEdtU34PqDOLrpXXxIGHDFmjeGeMfktyEcA==}
    engines: {node: '>=14.0.0'}
    dependencies:
      '@aws-sdk/protocol-http': 3.226.0
      '@aws-sdk/types': 3.226.0
      tslib: 2.4.1
    dev: false

  /@aws-sdk/middleware-retry/3.235.0:
    resolution: {integrity: sha512-50WHbJGpD3SNp9763MAlHqIhXil++JdQbKejNpHg7HsJne/ao3ub+fDOfx//mMBjpzBV25BGd5UlfL6blrClSg==}
    engines: {node: '>=14.0.0'}
    dependencies:
      '@aws-sdk/protocol-http': 3.226.0
      '@aws-sdk/service-error-classification': 3.229.0
      '@aws-sdk/types': 3.226.0
      '@aws-sdk/util-middleware': 3.226.0
      '@aws-sdk/util-retry': 3.229.0
      tslib: 2.4.1
      uuid: 8.3.2
    dev: false

  /@aws-sdk/middleware-sdk-s3/3.231.0:
    resolution: {integrity: sha512-UGaSvevd2TanfKgStF46dDSHkh4bxOr1gdUkyHm9i+1pF5lx4KdbnBZv/5SKnn7XifhHRXrs1M3lTzemXREhTA==}
    engines: {node: '>=14.0.0'}
    dependencies:
      '@aws-sdk/protocol-http': 3.226.0
      '@aws-sdk/types': 3.226.0
      '@aws-sdk/util-arn-parser': 3.208.0
      tslib: 2.4.1
    dev: false

  /@aws-sdk/middleware-sdk-sts/3.226.0:
    resolution: {integrity: sha512-NN9T/qoSD1kZvAT+VLny3NnlqgylYQcsgV3rvi/8lYzw/G/2s8VS6sm/VTWGGZhx08wZRv20MWzYu3bftcyqUg==}
    engines: {node: '>=14.0.0'}
    dependencies:
      '@aws-sdk/middleware-signing': 3.226.0
      '@aws-sdk/property-provider': 3.226.0
      '@aws-sdk/protocol-http': 3.226.0
      '@aws-sdk/signature-v4': 3.226.0
      '@aws-sdk/types': 3.226.0
      tslib: 2.4.1
    dev: false

  /@aws-sdk/middleware-serde/3.226.0:
    resolution: {integrity: sha512-nPuOOAkSfx9TxzdKFx0X2bDlinOxGrqD7iof926K/AEflxGD1DBdcaDdjlYlPDW2CVE8LV/rAgbYuLxh/E/1VA==}
    engines: {node: '>=14.0.0'}
    dependencies:
      '@aws-sdk/types': 3.226.0
      tslib: 2.4.1
    dev: false

  /@aws-sdk/middleware-signing/3.226.0:
    resolution: {integrity: sha512-E6HmtPcl+IjYDDzi1xI2HpCbBq2avNWcjvCriMZWuTAtRVpnA6XDDGW5GY85IfS3A8G8vuWqEVPr8JcYUcjfew==}
    engines: {node: '>=14.0.0'}
    dependencies:
      '@aws-sdk/property-provider': 3.226.0
      '@aws-sdk/protocol-http': 3.226.0
      '@aws-sdk/signature-v4': 3.226.0
      '@aws-sdk/types': 3.226.0
      '@aws-sdk/util-middleware': 3.226.0
      tslib: 2.4.1
    dev: false

  /@aws-sdk/middleware-ssec/3.226.0:
    resolution: {integrity: sha512-DR97oWoLHiMdaUP/wu99HtzG7/ijvCrjZGDH37WBO1rxFtEti6L7T09wgHzwxMN8gtL8FJA7dU8IrffGSC9VmA==}
    engines: {node: '>=14.0.0'}
    dependencies:
      '@aws-sdk/types': 3.226.0
      tslib: 2.4.1
    dev: false

  /@aws-sdk/middleware-stack/3.226.0:
    resolution: {integrity: sha512-85wF29LvPvpoed60fZGDYLwv1Zpd/cM0C22WSSFPw1SSJeqO4gtFYyCg2squfT3KI6kF43IIkOCJ+L7GtryPug==}
    engines: {node: '>=14.0.0'}
    dependencies:
      tslib: 2.4.1
    dev: false

  /@aws-sdk/middleware-user-agent/3.226.0:
    resolution: {integrity: sha512-N1WnfzCW1Y5yWhVAphf8OPGTe8Df3vmV7/LdsoQfmpkCZgLZeK2o0xITkUQhRj1mbw7yp8tVFLFV3R2lMurdAQ==}
    engines: {node: '>=14.0.0'}
    dependencies:
      '@aws-sdk/protocol-http': 3.226.0
      '@aws-sdk/types': 3.226.0
      tslib: 2.4.1
    dev: false

  /@aws-sdk/node-config-provider/3.226.0:
    resolution: {integrity: sha512-B8lQDqiRk7X5izFEUMXmi8CZLOKCTWQJU9HQf3ako+sF0gexo4nHN3jhoRWyLtcgC5S3on/2jxpAcqtm7kuY3w==}
    engines: {node: '>=14.0.0'}
    dependencies:
      '@aws-sdk/property-provider': 3.226.0
      '@aws-sdk/shared-ini-file-loader': 3.226.0
      '@aws-sdk/types': 3.226.0
      tslib: 2.4.1
    dev: false

  /@aws-sdk/node-http-handler/3.226.0:
    resolution: {integrity: sha512-xQCddnZNMiPmjr3W7HYM+f5ir4VfxgJh37eqZwX6EZmyItFpNNeVzKUgA920ka1VPz/ZUYB+2OFGiX3LCLkkaA==}
    engines: {node: '>=14.0.0'}
    dependencies:
      '@aws-sdk/abort-controller': 3.226.0
      '@aws-sdk/protocol-http': 3.226.0
      '@aws-sdk/querystring-builder': 3.226.0
      '@aws-sdk/types': 3.226.0
      tslib: 2.4.1
    dev: false

  /@aws-sdk/property-provider/3.226.0:
    resolution: {integrity: sha512-TsljjG+Sg0LmdgfiAlWohluWKnxB/k8xenjeozZfzOr5bHmNHtdbWv6BtNvD/R83hw7SFXxbJHlD5H4u9p2NFg==}
    engines: {node: '>=14.0.0'}
    dependencies:
      '@aws-sdk/types': 3.226.0
      tslib: 2.4.1
    dev: false

  /@aws-sdk/protocol-http/3.226.0:
    resolution: {integrity: sha512-zWkVqiTA9RXL6y0hhfZc9bcU4DX2NI6Hw9IhQmSPeM59mdbPjJlY4bLlMr5YxywqO3yQ/ylNoAfrEzrDjlOSRg==}
    engines: {node: '>=14.0.0'}
    dependencies:
      '@aws-sdk/types': 3.226.0
      tslib: 2.4.1
    dev: false

  /@aws-sdk/querystring-builder/3.226.0:
    resolution: {integrity: sha512-LVurypuNeotO4lmirKXRC4NYrZRAyMJXuwO0f2a5ZAUJCjauwYrifKue6yCfU7bls7gut7nfcR6B99WBYpHs3g==}
    engines: {node: '>=14.0.0'}
    dependencies:
      '@aws-sdk/types': 3.226.0
      '@aws-sdk/util-uri-escape': 3.201.0
      tslib: 2.4.1
    dev: false

  /@aws-sdk/querystring-parser/3.226.0:
    resolution: {integrity: sha512-FzB+VrQ47KAFxiPt2YXrKZ8AOLZQqGTLCKHzx4bjxGmwgsjV8yIbtJiJhZLMcUQV4LtGeIY9ixIqQhGvnZHE4A==}
    engines: {node: '>=14.0.0'}
    dependencies:
      '@aws-sdk/types': 3.226.0
      tslib: 2.4.1
    dev: false

  /@aws-sdk/s3-request-presigner/3.245.0:
    resolution: {integrity: sha512-xU+4OeqbKyHzH6+UStqjyfKdpB6mIAYu/3WHpFJRVAz1sPJpR+u4y5n8jUQjkOGSClACnz2FUypcKEVGJ1bYAw==}
    engines: {node: '>=14.0.0'}
    dependencies:
      '@aws-sdk/middleware-endpoint': 3.226.0
      '@aws-sdk/middleware-sdk-s3': 3.231.0
      '@aws-sdk/protocol-http': 3.226.0
      '@aws-sdk/signature-v4-multi-region': 3.226.0
      '@aws-sdk/smithy-client': 3.234.0
      '@aws-sdk/types': 3.226.0
      '@aws-sdk/util-create-request': 3.234.0
      '@aws-sdk/util-format-url': 3.226.0
      tslib: 2.4.1
    transitivePeerDependencies:
      - '@aws-sdk/signature-v4-crt'
    dev: false

  /@aws-sdk/service-error-classification/3.229.0:
    resolution: {integrity: sha512-dnzWWQ0/NoWMUZ5C0DW3dPm0wC1O76Y/SpKbuJzWPkx1EYy6r8p32Ly4D9vUzrKDbRGf48YHIF2kOkBmu21CLg==}
    engines: {node: '>=14.0.0'}
    dev: false

  /@aws-sdk/shared-ini-file-loader/3.226.0:
    resolution: {integrity: sha512-661VQefsARxVyyV2FX9V61V+nNgImk7aN2hYlFKla6BCwZfMng+dEtD0xVGyg1PfRw0qvEv5LQyxMVgHcUSevA==}
    engines: {node: '>=14.0.0'}
    dependencies:
      '@aws-sdk/types': 3.226.0
      tslib: 2.4.1
    dev: false

  /@aws-sdk/signature-v4-multi-region/3.226.0:
    resolution: {integrity: sha512-QHxNuf9ynK208v7Y3imdsa3Cz8ynYV7ZOf3sBJdItuEtHN6uy/KxaOrtvpF8I5Hyn48Hc8z5miTSMujFKT7GEw==}
    engines: {node: '>=14.0.0'}
    peerDependencies:
      '@aws-sdk/signature-v4-crt': ^3.118.0
    peerDependenciesMeta:
      '@aws-sdk/signature-v4-crt':
        optional: true
    dependencies:
      '@aws-sdk/protocol-http': 3.226.0
      '@aws-sdk/signature-v4': 3.226.0
      '@aws-sdk/types': 3.226.0
      '@aws-sdk/util-arn-parser': 3.208.0
      tslib: 2.4.1
    dev: false

  /@aws-sdk/signature-v4/3.226.0:
    resolution: {integrity: sha512-/R5q5agdPd7HJB68XMzpxrNPk158EHUvkFkuRu5Qf3kkkHebEzWEBlWoVpUe6ss4rP9Tqcue6xPuaftEmhjpYw==}
    engines: {node: '>=14.0.0'}
    dependencies:
      '@aws-sdk/is-array-buffer': 3.201.0
      '@aws-sdk/types': 3.226.0
      '@aws-sdk/util-hex-encoding': 3.201.0
      '@aws-sdk/util-middleware': 3.226.0
      '@aws-sdk/util-uri-escape': 3.201.0
      tslib: 2.4.1
    dev: false

  /@aws-sdk/smithy-client/3.234.0:
    resolution: {integrity: sha512-8AtR/k4vsFvjXeQbIzq/Wy7Nbk48Ou0wUEeVYPHWHPSU8QamFWORkOwmKtKMfHAyZvmqiAPeQqHFkq+UJhWyyQ==}
    engines: {node: '>=14.0.0'}
    dependencies:
      '@aws-sdk/middleware-stack': 3.226.0
      '@aws-sdk/types': 3.226.0
      tslib: 2.4.1
    dev: false

  /@aws-sdk/token-providers/3.245.0:
    resolution: {integrity: sha512-m/spXR/vEXGb+zMqRUMQYVMwFZSTdK5RkddYqamYkNhIoLm60EYeRu57JsMMs5djKi8dBRSKiXwVHx0l2rXMjg==}
    engines: {node: '>=14.0.0'}
    dependencies:
      '@aws-sdk/client-sso-oidc': 3.245.0
      '@aws-sdk/property-provider': 3.226.0
      '@aws-sdk/shared-ini-file-loader': 3.226.0
      '@aws-sdk/types': 3.226.0
      tslib: 2.4.1
    transitivePeerDependencies:
      - aws-crt
    dev: false

  /@aws-sdk/types/3.226.0:
    resolution: {integrity: sha512-MmmNHrWeO4man7wpOwrAhXlevqtOV9ZLcH4RhnG5LmRce0RFOApx24HoKENfFCcOyCm5LQBlsXCqi0dZWDWU0A==}
    engines: {node: '>=14.0.0'}
    dependencies:
      tslib: 2.4.1
    dev: false

  /@aws-sdk/url-parser/3.226.0:
    resolution: {integrity: sha512-p5RLE0QWyP0OcTOLmFcLdVgUcUEzmEfmdrnOxyNzomcYb0p3vUagA5zfa1HVK2azsQJFBv28GfvMnba9bGhObg==}
    dependencies:
      '@aws-sdk/querystring-parser': 3.226.0
      '@aws-sdk/types': 3.226.0
      tslib: 2.4.1
    dev: false

  /@aws-sdk/util-arn-parser/3.208.0:
    resolution: {integrity: sha512-QV4af+kscova9dv4VuHOgH8wEr/IIYHDGcnyVtkUEqahCejWr1Kuk+SBK0xMwnZY5LSycOtQ8aeqHOn9qOjZtA==}
    engines: {node: '>=14.0.0'}
    dependencies:
      tslib: 2.4.1
    dev: false

  /@aws-sdk/util-base64/3.208.0:
    resolution: {integrity: sha512-PQniZph5A6N7uuEOQi+1hnMz/FSOK/8kMFyFO+4DgA1dZ5pcKcn5wiFwHkcTb/BsgVqQa3Jx0VHNnvhlS8JyTg==}
    engines: {node: '>=14.0.0'}
    dependencies:
      '@aws-sdk/util-buffer-from': 3.208.0
      tslib: 2.4.1
    dev: false

  /@aws-sdk/util-body-length-browser/3.188.0:
    resolution: {integrity: sha512-8VpnwFWXhnZ/iRSl9mTf+VKOX9wDE8QtN4bj9pBfxwf90H1X7E8T6NkiZD3k+HubYf2J94e7DbeHs7fuCPW5Qg==}
    dependencies:
      tslib: 2.4.1
    dev: false

  /@aws-sdk/util-body-length-node/3.208.0:
    resolution: {integrity: sha512-3zj50e5g7t/MQf53SsuuSf0hEELzMtD8RX8C76f12OSRo2Bca4FLLYHe0TZbxcfQHom8/hOaeZEyTyMogMglqg==}
    engines: {node: '>=14.0.0'}
    dependencies:
      tslib: 2.4.1
    dev: false

  /@aws-sdk/util-buffer-from/3.208.0:
    resolution: {integrity: sha512-7L0XUixNEFcLUGPeBF35enCvB9Xl+K6SQsmbrPk1P3mlV9mguWSDQqbOBwY1Ir0OVbD6H/ZOQU7hI/9RtRI0Zw==}
    engines: {node: '>=14.0.0'}
    dependencies:
      '@aws-sdk/is-array-buffer': 3.201.0
      tslib: 2.4.1
    dev: false

  /@aws-sdk/util-config-provider/3.208.0:
    resolution: {integrity: sha512-DSRqwrERUsT34ug+anlMBIFooBEGwM8GejC7q00Y/9IPrQy50KnG5PW2NiTjuLKNi7pdEOlwTSEocJE15eDZIg==}
    engines: {node: '>=14.0.0'}
    dependencies:
      tslib: 2.4.1
    dev: false

  /@aws-sdk/util-create-request/3.234.0:
    resolution: {integrity: sha512-rKaM2q1jRru724crQx36V6cy07f8yO6KGrsAbRdXzuS2n1c6/w56vwyAw7ArUqjPeIc8pgDxZ0K99Te/RinzdQ==}
    engines: {node: '>=14.0.0'}
    dependencies:
      '@aws-sdk/middleware-stack': 3.226.0
      '@aws-sdk/smithy-client': 3.234.0
      '@aws-sdk/types': 3.226.0
      tslib: 2.4.1
    dev: false

  /@aws-sdk/util-defaults-mode-browser/3.234.0:
    resolution: {integrity: sha512-IHMKXjTbOD8XMz5+2oCOsVP94BYb9YyjXdns0aAXr2NAo7k2+RCzXQ2DebJXppGda1F6opFutoKwyVSN0cmbMw==}
    engines: {node: '>= 10.0.0'}
    dependencies:
      '@aws-sdk/property-provider': 3.226.0
      '@aws-sdk/types': 3.226.0
      bowser: 2.11.0
      tslib: 2.4.1
    dev: false

  /@aws-sdk/util-defaults-mode-node/3.234.0:
    resolution: {integrity: sha512-UGjQ+OjBYYhxFVtUY+jtr0ZZgzZh6OHtYwRhFt8IHewJXFCfZTyfsbX20szBj5y1S4HRIUJ7cwBLIytTqMbI5w==}
    engines: {node: '>= 10.0.0'}
    dependencies:
      '@aws-sdk/config-resolver': 3.234.0
      '@aws-sdk/credential-provider-imds': 3.226.0
      '@aws-sdk/node-config-provider': 3.226.0
      '@aws-sdk/property-provider': 3.226.0
      '@aws-sdk/types': 3.226.0
      tslib: 2.4.1
    dev: false

  /@aws-sdk/util-endpoints/3.245.0:
    resolution: {integrity: sha512-UNOFquB1tKx+8RT8n82Zb5tIwDyZHVPBg/m0LB0RsLETjr6krien5ASpqWezsXKIR1hftN9uaxN4bvf2dZrWHg==}
    engines: {node: '>=14.0.0'}
    dependencies:
      '@aws-sdk/types': 3.226.0
      tslib: 2.4.1
    dev: false

  /@aws-sdk/util-format-url/3.226.0:
    resolution: {integrity: sha512-IhuA8iuJL1urWqZZmVzW79mHnwFEEP6rMsSKgAfMmuzowhtgk9p/sT2OVPkXk0LeZL2Ghsnw1W2JfPIs8x1qVg==}
    engines: {node: '>=14.0.0'}
    dependencies:
      '@aws-sdk/querystring-builder': 3.226.0
      '@aws-sdk/types': 3.226.0
      tslib: 2.4.1
    dev: false

  /@aws-sdk/util-hex-encoding/3.201.0:
    resolution: {integrity: sha512-7t1vR1pVxKx0motd3X9rI3m/xNp78p3sHtP5yo4NP4ARpxyJ0fokBomY8ScaH2D/B+U5o9ARxldJUdMqyBlJcA==}
    engines: {node: '>=14.0.0'}
    dependencies:
      tslib: 2.4.1
    dev: false

  /@aws-sdk/util-locate-window/3.208.0:
    resolution: {integrity: sha512-iua1A2+P7JJEDHVgvXrRJSvsnzG7stYSGQnBVphIUlemwl6nN5D+QrgbjECtrbxRz8asYFHSzhdhECqN+tFiBg==}
    engines: {node: '>=14.0.0'}
    dependencies:
      tslib: 2.4.1
    dev: false

  /@aws-sdk/util-middleware/3.226.0:
    resolution: {integrity: sha512-B96CQnwX4gRvQdaQkdUtqvDPkrptV5+va6FVeJOocU/DbSYMAScLxtR3peMS8cnlOT6nL1Eoa42OI9AfZz1VwQ==}
    engines: {node: '>=14.0.0'}
    dependencies:
      tslib: 2.4.1
    dev: false

  /@aws-sdk/util-retry/3.229.0:
    resolution: {integrity: sha512-0zKTqi0P1inD0LzIMuXRIYYQ/8c1lWMg/cfiqUcIAF1TpatlpZuN7umU0ierpBFud7S+zDgg0oemh+Nj8xliJw==}
    engines: {node: '>= 14.0.0'}
    dependencies:
      '@aws-sdk/service-error-classification': 3.229.0
      tslib: 2.4.1
    dev: false

  /@aws-sdk/util-stream-browser/3.226.0:
    resolution: {integrity: sha512-ZvjlA1ySaLd0DqUWTKmL7LsxfPhroAONpzsinaHmw9aZVL40s2cADU9eWgBdHTuAOeFklL7NP0cc6UiTFHKe8g==}
    dependencies:
      '@aws-sdk/fetch-http-handler': 3.226.0
      '@aws-sdk/types': 3.226.0
      '@aws-sdk/util-base64': 3.208.0
      '@aws-sdk/util-hex-encoding': 3.201.0
      '@aws-sdk/util-utf8-browser': 3.188.0
      tslib: 2.4.1
    dev: false

  /@aws-sdk/util-stream-node/3.226.0:
    resolution: {integrity: sha512-HADXiIgDGoXcCLSKuPnjCLENf0iC0lzqqnymZu9H2FoACZhJB7DvJ9LnP51Pvw9lfCu+yvLzbMqSPdbXtMbRWg==}
    engines: {node: '>=14.0.0'}
    dependencies:
      '@aws-sdk/node-http-handler': 3.226.0
      '@aws-sdk/types': 3.226.0
      '@aws-sdk/util-buffer-from': 3.208.0
      tslib: 2.4.1
    dev: false

  /@aws-sdk/util-uri-escape/3.201.0:
    resolution: {integrity: sha512-TeTWbGx4LU2c5rx0obHeDFeO9HvwYwQtMh1yniBz00pQb6Qt6YVOETVQikRZ+XRQwEyCg/dA375UplIpiy54mA==}
    engines: {node: '>=14.0.0'}
    dependencies:
      tslib: 2.4.1
    dev: false

  /@aws-sdk/util-user-agent-browser/3.226.0:
    resolution: {integrity: sha512-PhBIu2h6sPJPcv2I7ELfFizdl5pNiL4LfxrasMCYXQkJvVnoXztHA1x+CQbXIdtZOIlpjC+6BjDcE0uhnpvfcA==}
    dependencies:
      '@aws-sdk/types': 3.226.0
      bowser: 2.11.0
      tslib: 2.4.1
    dev: false

  /@aws-sdk/util-user-agent-node/3.226.0:
    resolution: {integrity: sha512-othPc5Dz/pkYkxH+nZPhc1Al0HndQT8zHD4e9h+EZ+8lkd8n+IsnLfTS/mSJWrfiC6UlNRVw55cItstmJyMe/A==}
    engines: {node: '>=14.0.0'}
    peerDependencies:
      aws-crt: '>=1.0.0'
    peerDependenciesMeta:
      aws-crt:
        optional: true
    dependencies:
      '@aws-sdk/node-config-provider': 3.226.0
      '@aws-sdk/types': 3.226.0
      tslib: 2.4.1
    dev: false

  /@aws-sdk/util-utf8-browser/3.188.0:
    resolution: {integrity: sha512-jt627x0+jE+Ydr9NwkFstg3cUvgWh56qdaqAMDsqgRlKD21md/6G226z/Qxl7lb1VEW2LlmCx43ai/37Qwcj2Q==}
    dependencies:
      tslib: 2.4.1
    dev: false

  /@aws-sdk/util-utf8-node/3.208.0:
    resolution: {integrity: sha512-jKY87Acv0yWBdFxx6bveagy5FYjz+dtV8IPT7ay1E2WPWH1czoIdMAkc8tSInK31T6CRnHWkLZ1qYwCbgRfERQ==}
    engines: {node: '>=14.0.0'}
    dependencies:
      '@aws-sdk/util-buffer-from': 3.208.0
      tslib: 2.4.1
    dev: false

  /@aws-sdk/util-waiter/3.226.0:
    resolution: {integrity: sha512-qYQMRxnu5k8qQihJXoIWMkBOj0+XkHHj/drLdbRnwL6ni6NcG8++cs9M3DSjIcxmxgF/7SLpDjn1H3sC7cYo4g==}
    engines: {node: '>=14.0.0'}
    dependencies:
      '@aws-sdk/abort-controller': 3.226.0
      '@aws-sdk/types': 3.226.0
      tslib: 2.4.1
    dev: false

  /@aws-sdk/xml-builder/3.201.0:
    resolution: {integrity: sha512-brRdB1wwMgjWEnOQsv7zSUhIQuh7DEicrfslAqHop4S4FtSI3GQAShpQqgOpMTNFYcpaWKmE/Y1MJmNY7xLCnw==}
    engines: {node: '>=14.0.0'}
    dependencies:
      tslib: 2.4.1
    dev: false

  /@next/env/13.1.1:
    resolution: {integrity: sha512-vFMyXtPjSAiOXOywMojxfKIqE3VWN5RCAx+tT3AS3pcKjMLFTCJFUWsKv8hC+87Z1F4W3r68qTwDFZIFmd5Xkw==}
    dev: false

  /@next/font/13.1.1:
    resolution: {integrity: sha512-amygRorS05hYK1/XQRZo5qBl7l2fpHnezeKU/cNveWU5QJg+sg8gMGkUXHtvesNKpiKIJshBRH1TzvO+2sKpvQ==}
    dev: false

  /@next/swc-android-arm-eabi/13.1.1:
    resolution: {integrity: sha512-qnFCx1kT3JTWhWve4VkeWuZiyjG0b5T6J2iWuin74lORCupdrNukxkq9Pm+Z7PsatxuwVJMhjUoYz7H4cWzx2A==}
    engines: {node: '>= 10'}
    cpu: [arm]
    os: [android]
    requiresBuild: true
    dev: false
    optional: true

  /@next/swc-android-arm64/13.1.1:
    resolution: {integrity: sha512-eCiZhTzjySubNqUnNkQCjU3Fh+ep3C6b5DCM5FKzsTH/3Gr/4Y7EiaPZKILbvnXmhWtKPIdcY6Zjx51t4VeTfA==}
    engines: {node: '>= 10'}
    cpu: [arm64]
    os: [android]
    requiresBuild: true
    dev: false
    optional: true

  /@next/swc-darwin-arm64/13.1.1:
    resolution: {integrity: sha512-9zRJSSIwER5tu9ADDkPw5rIZ+Np44HTXpYMr0rkM656IvssowPxmhK0rTreC1gpUCYwFsRbxarUJnJsTWiutPg==}
    engines: {node: '>= 10'}
    cpu: [arm64]
    os: [darwin]
    requiresBuild: true
    dev: false
    optional: true

  /@next/swc-darwin-x64/13.1.1:
    resolution: {integrity: sha512-qWr9qEn5nrnlhB0rtjSdR00RRZEtxg4EGvicIipqZWEyayPxhUu6NwKiG8wZiYZCLfJ5KWr66PGSNeDMGlNaiA==}
    engines: {node: '>= 10'}
    cpu: [x64]
    os: [darwin]
    requiresBuild: true
    dev: false
    optional: true

  /@next/swc-freebsd-x64/13.1.1:
    resolution: {integrity: sha512-UwP4w/NcQ7V/VJEj3tGVszgb4pyUCt3lzJfUhjDMUmQbzG9LDvgiZgAGMYH6L21MoyAATJQPDGiAMWAPKsmumA==}
    engines: {node: '>= 10'}
    cpu: [x64]
    os: [freebsd]
    requiresBuild: true
    dev: false
    optional: true

  /@next/swc-linux-arm-gnueabihf/13.1.1:
    resolution: {integrity: sha512-CnsxmKHco9sosBs1XcvCXP845Db+Wx1G0qouV5+Gr+HT/ZlDYEWKoHVDgnJXLVEQzq4FmHddBNGbXvgqM1Gfkg==}
    engines: {node: '>= 10'}
    cpu: [arm]
    os: [linux]
    requiresBuild: true
    dev: false
    optional: true

  /@next/swc-linux-arm64-gnu/13.1.1:
    resolution: {integrity: sha512-JfDq1eri5Dif+VDpTkONRd083780nsMCOKoFG87wA0sa4xL8LGcXIBAkUGIC1uVy9SMsr2scA9CySLD/i+Oqiw==}
    engines: {node: '>= 10'}
    cpu: [arm64]
    os: [linux]
    requiresBuild: true
    dev: false
    optional: true

  /@next/swc-linux-arm64-musl/13.1.1:
    resolution: {integrity: sha512-GA67ZbDq2AW0CY07zzGt07M5b5Yaq5qUpFIoW3UFfjOPgb0Sqf3DAW7GtFMK1sF4ROHsRDMGQ9rnT0VM2dVfKA==}
    engines: {node: '>= 10'}
    cpu: [arm64]
    os: [linux]
    requiresBuild: true
    dev: false
    optional: true

  /@next/swc-linux-x64-gnu/13.1.1:
    resolution: {integrity: sha512-nnjuBrbzvqaOJaV+XgT8/+lmXrSCOt1YYZn/irbDb2fR2QprL6Q7WJNgwsZNxiLSfLdv+2RJGGegBx9sLBEzGA==}
    engines: {node: '>= 10'}
    cpu: [x64]
    os: [linux]
    requiresBuild: true
    dev: false
    optional: true

  /@next/swc-linux-x64-musl/13.1.1:
    resolution: {integrity: sha512-CM9xnAQNIZ8zf/igbIT/i3xWbQZYaF397H+JroF5VMOCUleElaMdQLL5riJml8wUfPoN3dtfn2s4peSr3azz/g==}
    engines: {node: '>= 10'}
    cpu: [x64]
    os: [linux]
    requiresBuild: true
    dev: false
    optional: true

  /@next/swc-win32-arm64-msvc/13.1.1:
    resolution: {integrity: sha512-pzUHOGrbgfGgPlOMx9xk3QdPJoRPU+om84hqVoe6u+E0RdwOG0Ho/2UxCgDqmvpUrMab1Deltlt6RqcXFpnigQ==}
    engines: {node: '>= 10'}
    cpu: [arm64]
    os: [win32]
    requiresBuild: true
    dev: false
    optional: true

  /@next/swc-win32-ia32-msvc/13.1.1:
    resolution: {integrity: sha512-WeX8kVS46aobM9a7Xr/kEPcrTyiwJqQv/tbw6nhJ4fH9xNZ+cEcyPoQkwPo570dCOLz3Zo9S2q0E6lJ/EAUOBg==}
    engines: {node: '>= 10'}
    cpu: [ia32]
    os: [win32]
    requiresBuild: true
    dev: false
    optional: true

  /@next/swc-win32-x64-msvc/13.1.1:
    resolution: {integrity: sha512-mVF0/3/5QAc5EGVnb8ll31nNvf3BWpPY4pBb84tk+BfQglWLqc5AC9q1Ht/YMWiEgs8ALNKEQ3GQnbY0bJF2Gg==}
    engines: {node: '>= 10'}
    cpu: [x64]
    os: [win32]
    requiresBuild: true
    dev: false
    optional: true

  /@swc/helpers/0.4.14:
    resolution: {integrity: sha512-4C7nX/dvpzB7za4Ql9K81xK3HPxCpHMgwTZVyf+9JQ6VUbn9jjZVN7/Nkdz/Ugzs2CSjqnL/UPXroiVBVHUWUw==}
    dependencies:
      tslib: 2.4.1
    dev: false

  /@types/node/18.11.18:
    resolution: {integrity: sha512-DHQpWGjyQKSHj3ebjFI/wRKcqQcdR+MoFBygntYOZytCqNfkd2ZC4ARDJ2DQqhjH5p85Nnd3jhUJIXrszFX/JA==}
    dev: false

  /@types/prop-types/15.7.5:
    resolution: {integrity: sha512-JCB8C6SnDoQf0cNycqd/35A7MjcnK+ZTqE7judS6o7utxUCg6imJg3QK2qzHKszlTjcj2cn+NwMB2i96ubpj7w==}
    dev: false

  /@types/react-dom/18.0.10:
    resolution: {integrity: sha512-E42GW/JA4Qv15wQdqJq8DL4JhNpB3prJgjgapN3qJT9K2zO5IIAQh4VXvCEDupoqAwnz0cY4RlXeC/ajX5SFHg==}
    dependencies:
      '@types/react': 18.0.26
    dev: false

  /@types/react/18.0.26:
    resolution: {integrity: sha512-hCR3PJQsAIXyxhTNSiDFY//LhnMZWpNNr5etoCqx/iUfGc5gXWtQR2Phl908jVR6uPXacojQWTg4qRpkxTuGug==}
    dependencies:
      '@types/prop-types': 15.7.5
      '@types/scheduler': 0.16.2
      csstype: 3.1.1
    dev: false

  /@types/scheduler/0.16.2:
    resolution: {integrity: sha512-hppQEBDmlwhFAXKJX2KnWLYu5yMfi91yazPb2l+lbJiwW+wdo1gNeRA+3RgNSO39WYX2euey41KEwnqesU2Jew==}
    dev: false

  /bowser/2.11.0:
    resolution: {integrity: sha512-AlcaJBi/pqqJBIQ8U9Mcpc9i8Aqxn88Skv5d+xBX006BY5u8N3mGLHa5Lgppa7L/HfwgwLgZ6NYs+Ag6uUmJRA==}
    dev: false

  /caniuse-lite/1.0.30001442:
    resolution: {integrity: sha512-239m03Pqy0hwxYPYR5JwOIxRJfLTWtle9FV8zosfV5pHg+/51uD4nxcUlM8+mWWGfwKtt8lJNHnD3cWw9VZ6ow==}
    dev: false

  /client-only/0.0.1:
    resolution: {integrity: sha512-IV3Ou0jSMzZrd3pZ48nLkT9DA7Ag1pnPzaiQhpW7c3RbcqqzvzzVu+L8gfqMp/8IM2MQtSiqaCxrrcfu8I8rMA==}
    dev: false

  /csstype/3.1.1:
    resolution: {integrity: sha512-DJR/VvkAvSZW9bTouZue2sSxDwdTN92uHjqeKVm+0dAqdfNykRzQ95tay8aXMBAAPpUiq4Qcug2L7neoRh2Egw==}
    dev: false

  /fast-xml-parser/4.0.11:
    resolution: {integrity: sha512-4aUg3aNRR/WjQAcpceODG1C3x3lFANXRo8+1biqfieHmg9pyMt7qB4lQV/Ta6sJCTbA5vfD8fnA8S54JATiFUA==}
    hasBin: true
    dependencies:
      strnum: 1.0.5
    dev: false

  /js-tokens/4.0.0:
    resolution: {integrity: sha512-RdJUflcE3cUzKiMqQgsCu06FPu9UdIJO0beYbPhHN4k6apgJtifcoCtT9bcxOpYBtpD2kCM6Sbzg4CausW/PKQ==}
    dev: false

  /loose-envify/1.4.0:
    resolution: {integrity: sha512-lyuxPGr/Wfhrlem2CL/UcnUc1zcqKAImBDzukY7Y5F/yQiNdko6+fRLevlw1HgMySw7f611UIY408EtxRSoK3Q==}
    hasBin: true
    dependencies:
      js-tokens: 4.0.0
    dev: false

  /nanoid/3.3.4:
    resolution: {integrity: sha512-MqBkQh/OHTS2egovRtLk45wEyNXwF+cokD+1YPf9u5VfJiRdAiRwB2froX5Co9Rh20xs4siNPm8naNotSD6RBw==}
    engines: {node: ^10 || ^12 || ^13.7 || ^14 || >=15.0.1}
    hasBin: true
    dev: false

  /next/13.1.1_biqbaboplfbrettd7655fr4n2y:
    resolution: {integrity: sha512-R5eBAaIa3X7LJeYvv1bMdGnAVF4fVToEjim7MkflceFPuANY3YyvFxXee/A+acrSYwYPvOvf7f6v/BM/48ea5w==}
    engines: {node: '>=14.6.0'}
    hasBin: true
    peerDependencies:
      fibers: '>= 3.1.0'
      node-sass: ^6.0.0 || ^7.0.0
      react: ^18.2.0
      react-dom: ^18.2.0
      sass: ^1.3.0
    peerDependenciesMeta:
      fibers:
        optional: true
      node-sass:
        optional: true
      sass:
        optional: true
    dependencies:
      '@next/env': 13.1.1
      '@swc/helpers': 0.4.14
      caniuse-lite: 1.0.30001442
      postcss: 8.4.14
      react: 18.2.0
      react-dom: 18.2.0_react@18.2.0
      styled-jsx: 5.1.1_react@18.2.0
    optionalDependencies:
      '@next/swc-android-arm-eabi': 13.1.1
      '@next/swc-android-arm64': 13.1.1
      '@next/swc-darwin-arm64': 13.1.1
      '@next/swc-darwin-x64': 13.1.1
      '@next/swc-freebsd-x64': 13.1.1
      '@next/swc-linux-arm-gnueabihf': 13.1.1
      '@next/swc-linux-arm64-gnu': 13.1.1
      '@next/swc-linux-arm64-musl': 13.1.1
      '@next/swc-linux-x64-gnu': 13.1.1
      '@next/swc-linux-x64-musl': 13.1.1
      '@next/swc-win32-arm64-msvc': 13.1.1
      '@next/swc-win32-ia32-msvc': 13.1.1
      '@next/swc-win32-x64-msvc': 13.1.1
    transitivePeerDependencies:
      - '@babel/core'
      - babel-plugin-macros
    dev: false

  /picocolors/1.0.0:
    resolution: {integrity: sha512-1fygroTLlHu66zi26VoTDv8yRgm0Fccecssto+MhsZ0D/DGW2sm8E8AjW7NU5VVTRt5GxbeZ5qBuJr+HyLYkjQ==}
    dev: false

  /postcss/8.4.14:
    resolution: {integrity: sha512-E398TUmfAYFPBSdzgeieK2Y1+1cpdxJx8yXbK/m57nRhKSmk1GB2tO4lbLBtlkfPQTDKfe4Xqv1ASWPpayPEig==}
    engines: {node: ^10 || ^12 || >=14}
    dependencies:
      nanoid: 3.3.4
      picocolors: 1.0.0
      source-map-js: 1.0.2
    dev: false

  /react-dom/18.2.0_react@18.2.0:
    resolution: {integrity: sha512-6IMTriUmvsjHUjNtEDudZfuDQUoWXVxKHhlEGSk81n4YFS+r/Kl99wXiwlVXtPBtJenozv2P+hxDsw9eA7Xo6g==}
    peerDependencies:
      react: ^18.2.0
    dependencies:
      loose-envify: 1.4.0
      react: 18.2.0
      scheduler: 0.23.0
    dev: false

  /react/18.2.0:
    resolution: {integrity: sha512-/3IjMdb2L9QbBdWiW5e3P2/npwMBaU9mHCSCUzNln0ZCYbcfTsGbTJrU/kGemdH2IWmB2ioZ+zkxtmq6g09fGQ==}
    engines: {node: '>=0.10.0'}
    dependencies:
      loose-envify: 1.4.0
    dev: false

  /scheduler/0.23.0:
    resolution: {integrity: sha512-CtuThmgHNg7zIZWAXi3AsyIzA3n4xx7aNyjwC2VJldO2LMVDhFK+63xGqq6CsJH4rTAt6/M+N4GhZiDYPx9eUw==}
    dependencies:
      loose-envify: 1.4.0
    dev: false

  /source-map-js/1.0.2:
    resolution: {integrity: sha512-R0XvVJ9WusLiqTCEiGCmICCMplcCkIwwR11mOSD9CR5u+IXYdiseeEuXCVAjS54zqwkLcPNnmU4OeJ6tUrWhDw==}
    engines: {node: '>=0.10.0'}
    dev: false

  /strnum/1.0.5:
    resolution: {integrity: sha512-J8bbNyKKXl5qYcR36TIO8W3mVGVHrmmxsd5PAItGkmyzwJvybiw2IVq5nqd0i4LSNSkB/sx9VHllbfFdr9k1JA==}
    dev: false

  /styled-jsx/5.1.1_react@18.2.0:
    resolution: {integrity: sha512-pW7uC1l4mBZ8ugbiZrcIsiIvVx1UmTfw7UkC3Um2tmfUq9Bhk8IiyEIPl6F8agHgjzku6j0xQEZbfA5uSgSaCw==}
    engines: {node: '>= 12.0.0'}
    peerDependencies:
      '@babel/core': '*'
      babel-plugin-macros: '*'
      react: '>= 16.8.0 || 17.x.x || ^18.0.0-0'
    peerDependenciesMeta:
      '@babel/core':
        optional: true
      babel-plugin-macros:
        optional: true
    dependencies:
      client-only: 0.0.1
      react: 18.2.0
    dev: false

  /tslib/1.14.1:
    resolution: {integrity: sha512-Xni35NKzjgMrwevysHTCArtLDpPvye8zV/0E4EyYn43P7/7qvQwPh9BGkHewbMulVntbigmcT7rdX3BNo9wRJg==}
    dev: false

  /tslib/2.4.1:
    resolution: {integrity: sha512-tGyy4dAjRIEwI7BzsB0lynWgOpfqjUdq91XXAlIWD2OwKBH7oCl/GZG/HT4BOHrTlPMOASlMQ7veyTqpmRcrNA==}
    dev: false

  /typescript/4.9.4:
    resolution: {integrity: sha512-Uz+dTXYzxXXbsFpM86Wh3dKCxrQqUcVMxwU54orwlJjOpO3ao8L7j5lH+dWfTwgCwIuM9GQ2kvVotzYJMXTBZg==}
    engines: {node: '>=4.2.0'}
    hasBin: true
    dev: false

  /uuid/8.3.2:
    resolution: {integrity: sha512-+NYs2QeMWy+GWFOEm9xnn6HCDp0l7QBD7ml8zLUmJ+93Q5NF0NocErnwkTkXVFNiX3/fpC6afS8Dhb/gz7R7eg==}
    hasBin: true
    dev: false
